
Microsoft Visual Studio Solution File, Format Version 12.00
# Visual Studio Version 16
VisualStudioVersion = 16.0.29806.167
MinimumVisualStudioVersion = 10.0.40219.1
Project("{9A19103F-16F7-4668-BE54-9A1E7A4F7556}") = "dotnetCore.Api", "dotnetcore.Api\dotnetCore.Api.csproj", "{2D9575A0-74CE-441F-BE52-CEC0941DF6CB}"
EndProject
Project("{9A19103F-16F7-4668-BE54-9A1E7A4F7556}") = "dotnetCore.Application", "dotnetcore.Application\dotnetCore.Application.csproj", "{9B10E120-9CBB-4927-BE61-C0D28EFA800D}"
EndProject
Project("{9A19103F-16F7-4668-BE54-9A1E7A4F7556}") = "dotnetCore.Domain", "dotnetcore.Domain\dotnetCore.Domain.csproj", "{B3B686E7-D2B6-48F6-B13C-2B555FE03D9E}"
EndProject
Project("{9A19103F-16F7-4668-BE54-9A1E7A4F7556}") = "dotnetCore.Data", "dotnetcore.Data\dotnetCore.Data.csproj", "{A9019724-0E0A-4307-ACE9-5B415D5DA58C}"
EndProject
Project("{9A19103F-16F7-4668-BE54-9A1E7A4F7556}") = "dotnetCore.Core", "dotnetcore.Core\dotnetCore.Core.csproj", "{3425D929-3978-4B0A-9A68-78308B908ADF}"
EndProject
Project("{FAE04EC0-301F-11D3-BF4B-00C04F79EFBC}") = "dotnetCore.Infra.Ioc", "dotnetCore.Infra.Ioc\dotnetCore.Infra.Ioc.csproj", "{331A75DC-6482-4EF2-AB5A-EC6B446CCBCC}"
EndProject
Global
	GlobalSection(SolutionConfigurationPlatforms) = preSolution
		Debug|Any CPU = Debug|Any CPU
		Release|Any CPU = Release|Any CPU
	EndGlobalSection
	GlobalSection(ProjectConfigurationPlatforms) = postSolution
		{2D9575A0-74CE-441F-BE52-CEC0941DF6CB}.Debug|Any CPU.ActiveCfg = Debug|Any CPU
		{2D9575A0-74CE-441F-BE52-CEC0941DF6CB}.Debug|Any CPU.Build.0 = Debug|Any CPU
		{2D9575A0-74CE-441F-BE52-CEC0941DF6CB}.Release|Any CPU.ActiveCfg = Release|Any CPU
		{2D9575A0-74CE-441F-BE52-CEC0941DF6CB}.Release|Any CPU.Build.0 = Release|Any CPU
		{9B10E120-9CBB-4927-BE61-C0D28EFA800D}.Debug|Any CPU.ActiveCfg = Debug|Any CPU
		{9B10E120-9CBB-4927-BE61-C0D28EFA800D}.Debug|Any CPU.Build.0 = Debug|Any CPU
		{9B10E120-9CBB-4927-BE61-C0D28EFA800D}.Release|Any CPU.ActiveCfg = Release|Any CPU
		{9B10E120-9CBB-4927-BE61-C0D28EFA800D}.Release|Any CPU.Build.0 = Release|Any CPU
		{B3B686E7-D2B6-48F6-B13C-2B555FE03D9E}.Debug|Any CPU.ActiveCfg = Debug|Any CPU
		{B3B686E7-D2B6-48F6-B13C-2B555FE03D9E}.Debug|Any CPU.Build.0 = Debug|Any CPU
		{B3B686E7-D2B6-48F6-B13C-2B555FE03D9E}.Release|Any CPU.ActiveCfg = Release|Any CPU
		{B3B686E7-D2B6-48F6-B13C-2B555FE03D9E}.Release|Any CPU.Build.0 = Release|Any CPU
		{A9019724-0E0A-4307-ACE9-5B415D5DA58C}.Debug|Any CPU.ActiveCfg = Debug|Any CPU
		{A9019724-0E0A-4307-ACE9-5B415D5DA58C}.Debug|Any CPU.Build.0 = Debug|Any CPU
		{A9019724-0E0A-4307-ACE9-5B415D5DA58C}.Release|Any CPU.ActiveCfg = Release|Any CPU
		{A9019724-0E0A-4307-ACE9-5B415D5DA58C}.Release|Any CPU.Build.0 = Release|Any CPU
		{3425D929-3978-4B0A-9A68-78308B908ADF}.Debug|Any CPU.ActiveCfg = Debug|Any CPU
		{3425D929-3978-4B0A-9A68-78308B908ADF}.Debug|Any CPU.Build.0 = Debug|Any CPU
		{3425D929-3978-4B0A-9A68-78308B908ADF}.Release|Any CPU.ActiveCfg = Release|Any CPU
		{3425D929-3978-4B0A-9A68-78308B908ADF}.Release|Any CPU.Build.0 = Release|Any CPU
		{331A75DC-6482-4EF2-AB5A-EC6B446CCBCC}.Debug|Any CPU.ActiveCfg = Debug|Any CPU
		{331A75DC-6482-4EF2-AB5A-EC6B446CCBCC}.Debug|Any CPU.Build.0 = Debug|Any CPU
		{331A75DC-6482-4EF2-AB5A-EC6B446CCBCC}.Release|Any CPU.ActiveCfg = Release|Any CPU
		{331A75DC-6482-4EF2-AB5A-EC6B446CCBCC}.Release|Any CPU.Build.0 = Release|Any CPU
	EndGlobalSection
	GlobalSection(SolutionProperties) = preSolution
		HideSolutionNode = FALSE
	EndGlobalSection
	GlobalSection(ExtensibilityGlobals) = postSolution
		SolutionGuid = {E984B465-5104-4289-A637-8EEAC5ACE024}
	EndGlobalSection
EndGlobal
